{
  "name": "@valhallajs/proto",
  "version": "3.6.3-dev.68",
  "lockfileVersion": 3,
  "requires": true,
  "packages": {
    "": {
      "name": "@valhallajs/proto",
      "version": "3.6.3-dev.68",
      "license": "MIT",
      "dependencies": {
        "@bufbuild/protobuf": "^2.11.0"
      },
      "devDependencies": {
        "@types/node": "^25.2.3",
        "grpc-tools": "^1.13.1",
        "ts-proto": "^2.11.2",
        "typescript": "^5.9.3"
      }
    },
    "node_modules/@bufbuild/protobuf": {
      "version": "2.11.0",
      "resolved": "https://registry.npmjs.org/@bufbuild/protobuf/-/protobuf-2.11.0.tgz",
      "integrity": "sha512-sBXGT13cpmPR5BMgHE6UEEfEaShh5Ror6rfN3yEK5si7QVrtZg8LEPQb0VVhiLRUslD2yLnXtnRzG035J/mZXQ==",
      "license": "(Apache-2.0 AND BSD-3-Clause)"
    },
    "node_modules/@isaacs/fs-minipass": {
      "version": "4.0.1",
      "resolved": "https://registry.npmjs.org/@isaacs/fs-minipass/-/fs-minipass-4.0.1.tgz",
      "integrity": "sha512-wgm9Ehl2jpeqP3zw/7mo3kRHFp5MEDhqAdwy1fTGkHAwnkGOVsgpvQhL8B5n1qlb01jV3n/bI0ZfZp5lWA1k4w==",
      "dev": true,
      "license": "ISC",
      "dependencies": {
        "minipass": "^7.0.4"
      },
      "engines": {
        "node": ">=18.0.0"
      }
    },
    "node_modules/@mapbox/node-pre-gyp": {
      "version": "2.0.3",
      "resolved": "https://registry.npmjs.org/@mapbox/node-pre-gyp/-/node-pre-gyp-2.0.3.tgz",
      "integrity": "sha512-uwPAhccfFJlsfCxMYTwOdVfOz3xqyj8xYL3zJj8f0pb30tLohnnFPhLuqp4/qoEz8sNxe4SESZedcBojRefIzg==",
      "dev": true,
      "license": "BSD-3-Clause",
      "dependencies": {
        "consola": "^3.2.3",
        "detect-libc": "^2.0.0",
        "https-proxy-agent": "^7.0.5",
        "node-fetch": "^2.6.7",
        "nopt": "^8.0.0",
        "semver": "^7.5.3",
        "tar": "^7.4.0"
      },
      "bin": {
        "node-pre-gyp": "bin/node-pre-gyp"
      },
      "engines": {
        "node": ">=18"
      }
    },
    "node_modules/@mapbox/node-pre-gyp/node_modules/detect-libc": {
      "version": "2.1.2",
      "resolved": "https://registry.npmjs.org/detect-libc/-/detect-libc-2.1.2.tgz",
      "integrity": "sha512-Btj2BOOO83o3WyH59e8MgXsxEQVcarkUOpEYrubB0urwnN10yQ364rsiByU11nZlqWYZm05i/of7io4mzihBtQ==",
      "dev": true,
      "license": "Apache-2.0",
      "engines": {
        "node": ">=8"
      }
    },
    "node_modules/@types/node": {
      "version": "25.2.3",
      "resolved": "https://registry.npmjs.org/@types/node/-/node-25.2.3.tgz",
      "integrity": "sha512-m0jEgYlYz+mDJZ2+F4v8D1AyQb+QzsNqRuI7xg1VQX/KlKS0qT9r1Mo16yo5F/MtifXFgaofIFsdFMox2SxIbQ==",
      "dev": true,
      "license": "MIT",
      "dependencies": {
        "undici-types": "~7.16.0"
      }
    },
    "node_modules/abbrev": {
      "version": "3.0.1",
      "resolved": "https://registry.npmjs.org/abbrev/-/abbrev-3.0.1.tgz",
      "integrity": "sha512-AO2ac6pjRB3SJmGJo+v5/aK6Omggp6fsLrs6wN9bd35ulu4cCwaAU9+7ZhXjeqHVkaHThLuzH0nZr0YpCDhygg==",
      "dev": true,
      "license": "ISC",
      "engines": {
        "node": "^18.17.0 || >=20.5.0"
      }
    },
    "node_modules/agent-base": {
      "version": "7.1.4",
      "resolved": "https://registry.npmjs.org/agent-base/-/agent-base-7.1.4.tgz",
      "integrity": "sha512-MnA+YT8fwfJPgBx3m60MNqakm30XOkyIoH1y6huTQvC0PwZG7ki8NacLBcrPbNoo8vEZy7Jpuk7+jMO+CUovTQ==",
      "dev": true,
      "license": "MIT",
      "engines": {
        "node": ">= 14"
      }
    },
    "node_modules/case-anything": {
      "version": "2.1.13",
      "resolved": "https://registry.npmjs.org/case-anything/-/case-anything-2.1.13.tgz",
      "integrity": "sha512-zlOQ80VrQ2Ue+ymH5OuM/DlDq64mEm+B9UTdHULv5osUMD6HalNTblf2b1u/m6QecjsnOkBpqVZ+XPwIVsy7Ng==",
      "dev": true,
      "license": "MIT",
      "engines": {
        "node": ">=12.13"
      },
      "funding": {
        "url": "https://github.com/sponsors/mesqueeb"
      }
    },
    "node_modules/chownr": {
      "version": "3.0.0",
      "resolved": "https://registry.npmjs.org/chownr/-/chownr-3.0.0.tgz",
      "integrity": "sha512-+IxzY9BZOQd/XuYPRmrvEVjF/nqj5kgT4kEq7VofrDoM1MxoRjEWkrCC3EtLi59TVawxTAn+orJwFQcrqEN1+g==",
      "dev": true,
      "license": "BlueOak-1.0.0",
      "engines": {
        "node": ">=18"
      }
    },
    "node_modules/consola": {
      "version": "3.4.2",
      "resolved": "https://registry.npmjs.org/consola/-/consola-3.4.2.tgz",
      "integrity": "sha512-5IKcdX0nnYavi6G7TtOhwkYzyjfJlatbjMjuLSfE2kYT5pMDOilZ4OvMhi637CcDICTmz3wARPoyhqyX1Y+XvA==",
      "dev": true,
      "license": "MIT",
      "engines": {
        "node": "^14.18.0 || >=16.10.0"
      }
    },
    "node_modules/debug": {
      "version": "4.4.3",
      "resolved": "https://registry.npmjs.org/debug/-/debug-4.4.3.tgz",
      "integrity": "sha512-RGwwWnwQvkVfavKVt22FGLw+xYSdzARwm0ru6DhTVA3umU5hZc28V3kO4stgYryrTlLpuvgI9GiijltAjNbcqA==",
      "dev": true,
      "license": "MIT",
      "dependencies": {
        "ms": "^2.1.3"
      },
      "engines": {
        "node": ">=6.0"
      },
      "peerDependenciesMeta": {
        "supports-color": {
          "optional": true
        }
      }
    },
    "node_modules/detect-libc": {
      "version": "1.0.3",
      "resolved": "https://registry.npmjs.org/detect-libc/-/detect-libc-1.0.3.tgz",
      "integrity": "sha512-pGjwhsmsp4kL2RTz08wcOlGN83otlqHeD/Z5T8GXZB+/YcpQ/dgo+lbU8ZsGxV0HIvqqxo9l7mqYwyYMD9bKDg==",
      "dev": true,
      "license": "Apache-2.0",
      "bin": {
        "detect-libc": "bin/detect-libc.js"
      },
      "engines": {
        "node": ">=0.10"
      }
    },
    "node_modules/dprint-node": {
      "version": "1.0.8",
      "resolved": "https://registry.npmjs.org/dprint-node/-/dprint-node-1.0.8.tgz",
      "integrity": "sha512-iVKnUtYfGrYcW1ZAlfR/F59cUVL8QIhWoBJoSjkkdua/dkWIgjZfiLMeTjiB06X0ZLkQ0M2C1VbUj/CxkIf1zg==",
      "dev": true,
      "license": "MIT",
      "dependencies": {
        "detect-libc": "^1.0.3"
      }
    },
    "node_modules/grpc-tools": {
      "version": "1.13.1",
      "resolved": "https://registry.npmjs.org/grpc-tools/-/grpc-tools-1.13.1.tgz",
      "integrity": "sha512-0sttMUxThNIkCTJq5qI0xXMz5zWqV2u3yG1kR3Sj9OokGIoyRBFjoInK9NyW7x5fH7knj48Roh1gq5xbl0VoDQ==",
      "dev": true,
      "hasInstallScript": true,
      "dependencies": {
        "@mapbox/node-pre-gyp": "^2.0.0"
      },
      "bin": {
        "grpc_tools_node_protoc": "bin/protoc.js",
        "grpc_tools_node_protoc_plugin": "bin/protoc_plugin.js"
      }
    },
    "node_modules/https-proxy-agent": {
      "version": "7.0.6",
      "resolved": "https://registry.npmjs.org/https-proxy-agent/-/https-proxy-agent-7.0.6.tgz",
      "integrity": "sha512-vK9P5/iUfdl95AI+JVyUuIcVtd4ofvtrOr3HNtM2yxC9bnMbEdp3x01OhQNnjb8IJYi38VlTE3mBXwcfvywuSw==",
      "dev": true,
      "license": "MIT",
      "dependencies": {
        "agent-base": "^7.1.2",
        "debug": "4"
      },
      "engines": {
        "node": ">= 14"
      }
    },
    "node_modules/minipass": {
      "version": "7.1.3",
      "resolved": "https://registry.npmjs.org/minipass/-/minipass-7.1.3.tgz",
      "integrity": "sha512-tEBHqDnIoM/1rXME1zgka9g6Q2lcoCkxHLuc7ODJ5BxbP5d4c2Z5cGgtXAku59200Cx7diuHTOYfSBD8n6mm8A==",
      "dev": true,
      "license": "BlueOak-1.0.0",
      "engines": {
        "node": ">=16 || 14 >=14.17"
      }
    },
    "node_modules/minizlib": {
      "version": "3.1.0",
      "resolved": "https://registry.npmjs.org/minizlib/-/minizlib-3.1.0.tgz",
      "integrity": "sha512-KZxYo1BUkWD2TVFLr0MQoM8vUUigWD3LlD83a/75BqC+4qE0Hb1Vo5v1FgcfaNXvfXzr+5EhQ6ing/CaBijTlw==",
      "dev": true,
      "license": "MIT",
      "dependencies": {
        "minipass": "^7.1.2"
      },
      "engines": {
        "node": ">= 18"
      }
    },
    "node_modules/ms": {
      "version": "2.1.3",
      "resolved": "https://registry.npmjs.org/ms/-/ms-2.1.3.tgz",
      "integrity": "sha512-6FlzubTLZG3J2a/NVCAleEhjzq5oxgHyaCU9yYXvcLsvoVaHJq/s5xXI6/XXP6tz7R9xAOtHnSO/tXtF3WRTlA==",
      "dev": true,
      "license": "MIT"
    },
    "node_modules/node-fetch": {
      "version": "2.7.0",
      "resolved": "https://registry.npmjs.org/node-fetch/-/node-fetch-2.7.0.tgz",
      "integrity": "sha512-c4FRfUm/dbcWZ7U+1Wq0AwCyFL+3nt2bEw05wfxSz+DWpWsitgmSgYmy2dQdWyKC1694ELPqMs/YzUSNozLt8A==",
      "dev": true,
      "license": "MIT",
      "dependencies": {
        "whatwg-url": "^5.0.0"
      },
      "engines": {
        "node": "4.x || >=6.0.0"
      },
      "peerDependencies": {
        "encoding": "^0.1.0"
      },
      "peerDependenciesMeta": {
        "encoding": {
          "optional": true
        }
      }
    },
    "node_modules/nopt": {
      "version": "8.1.0",
      "resolved": "https://registry.npmjs.org/nopt/-/nopt-8.1.0.tgz",
      "integrity": "sha512-ieGu42u/Qsa4TFktmaKEwM6MQH0pOWnaB3htzh0JRtx84+Mebc0cbZYN5bC+6WTZ4+77xrL9Pn5m7CV6VIkV7A==",
      "dev": true,
      "license": "ISC",
      "dependencies": {
        "abbrev": "^3.0.0"
      },
      "bin": {
        "nopt": "bin/nopt.js"
      },
      "engines": {
        "node": "^18.17.0 || >=20.5.0"
      }
    },
    "node_modules/semver": {
      "version": "7.7.4",
      "resolved": "https://registry.npmjs.org/semver/-/semver-7.7.4.tgz",
      "integrity": "sha512-vFKC2IEtQnVhpT78h1Yp8wzwrf8CM+MzKMHGJZfBtzhZNycRFnXsHk6E5TxIkkMsgNS7mdX3AGB7x2QM2di4lA==",
      "dev": true,
      "license": "ISC",
      "bin": {
        "semver": "bin/semver.js"
      },
      "engines": {
        "node": ">=10"
      }
    },
    "node_modules/tar": {
      "version": "7.5.13",
      "resolved": "https://registry.npmjs.org/tar/-/tar-7.5.13.tgz",
      "integrity": "sha512-tOG/7GyXpFevhXVh8jOPJrmtRpOTsYqUIkVdVooZYJS/z8WhfQUX8RJILmeuJNinGAMSu1veBr4asSHFt5/hng==",
      "dev": true,
      "license": "BlueOak-1.0.0",
      "dependencies": {
        "@isaacs/fs-minipass": "^4.0.0",
        "chownr": "^3.0.0",
        "minipass": "^7.1.2",
        "minizlib": "^3.1.0",
        "yallist": "^5.0.0"
      },
      "engines": {
        "node": ">=18"
      }
    },
    "node_modules/tr46": {
      "version": "0.0.3",
      "resolved": "https://registry.npmjs.org/tr46/-/tr46-0.0.3.tgz",
      "integrity": "sha512-N3WMsuqV66lT30CrXNbEjx4GEwlow3v6rr4mCcv6prnfwhS01rkgyFdjPNBYd9br7LpXV1+Emh01fHnq2Gdgrw==",
      "dev": true,
      "license": "MIT"
    },
    "node_modules/ts-poet": {
      "version": "6.12.0",
      "resolved": "https://registry.npmjs.org/ts-poet/-/ts-poet-6.12.0.tgz",
      "integrity": "sha512-xo+iRNMWqyvXpFTaOAvLPA5QAWO6TZrSUs5s4Odaya3epqofBu/fMLHEWl8jPmjhA0s9sgj9sNvF1BmaQlmQkA==",
      "dev": true,
      "license": "Apache-2.0",
      "dependencies": {
        "dprint-node": "^1.0.8"
      }
    },
    "node_modules/ts-proto": {
      "version": "2.11.2",
      "resolved": "https://registry.npmjs.org/ts-proto/-/ts-proto-2.11.2.tgz",
      "integrity": "sha512-+bPq2zDwNtJHtuyu2fGYgvTDxS7cBcY4u4moO1LyFA+my144Mfj9/sbNyGXKMtBK7DNXVGf76puwGa6hPzJw/g==",
      "dev": true,
      "license": "ISC",
      "dependencies": {
        "@bufbuild/protobuf": "^2.10.2",
        "case-anything": "^2.1.13",
        "ts-poet": "^6.12.0",
        "ts-proto-descriptors": "2.1.0"
      },
      "bin": {
        "protoc-gen-ts_proto": "protoc-gen-ts_proto"
      }
    },
    "node_modules/ts-proto-descriptors": {
      "version": "2.1.0",
      "resolved": "https://registry.npmjs.org/ts-proto-descriptors/-/ts-proto-descriptors-2.1.0.tgz",
      "integrity": "sha512-S5EZYEQ6L9KLFfjSRpZWDIXDV/W7tAj8uW7pLsihIxyr62EAVSiKuVPwE8iWnr849Bqa53enex1jhDUcpgquzA==",
      "dev": true,
      "license": "ISC",
      "dependencies": {
        "@bufbuild/protobuf": "^2.0.0"
      }
    },
    "node_modules/typescript": {
      "version": "5.9.3",
      "resolved": "https://registry.npmjs.org/typescript/-/typescript-5.9.3.tgz",
      "integrity": "sha512-jl1vZzPDinLr9eUt3J/t7V6FgNEw9QjvBPdysz9KfQDD41fQrC2Y4vKQdiaUpFT4bXlb1RHhLpp8wtm6M5TgSw==",
      "dev": true,
      "license": "Apache-2.0",
      "bin": {
        "tsc": "bin/tsc",
        "tsserver": "bin/tsserver"
      },
      "engines": {
        "node": ">=14.17"
      }
    },
    "node_modules/undici-types": {
      "version": "7.16.0",
      "resolved": "https://registry.npmjs.org/undici-types/-/undici-types-7.16.0.tgz",
      "integrity": "sha512-Zz+aZWSj8LE6zoxD+xrjh4VfkIG8Ya6LvYkZqtUQGJPZjYl53ypCaUwWqo7eI0x66KBGeRo+mlBEkMSeSZ38Nw==",
      "dev": true,
      "license": "MIT"
    },
    "node_modules/webidl-conversions": {
      "version": "3.0.1",
      "resolved": "https://registry.npmjs.org/webidl-conversions/-/webidl-conversions-3.0.1.tgz",
      "integrity": "sha512-2JAn3z8AR6rjK8Sm8orRC0h/bcl/DqL7tRPdGZ4I1CjdF+EaMLmYxBHyXuKL849eucPFhvBoxMsflfOb8kxaeQ==",
      "dev": true,
      "license": "BSD-2-Clause"
    },
    "node_modules/whatwg-url": {
      "version": "5.0.0",
      "resolved": "https://registry.npmjs.org/whatwg-url/-/whatwg-url-5.0.0.tgz",
      "integrity": "sha512-saE57nupxk6v3HY35+jzBwYa0rKSy0XR8JSxZPwgLr7ys0IBzhGviA1/TUGJLmSVqs8pb9AnvICXEuOHLprYTw==",
      "dev": true,
      "license": "MIT",
      "dependencies": {
        "tr46": "~0.0.3",
        "webidl-conversions": "^3.0.0"
      }
    },
    "node_modules/yallist": {
      "version": "5.0.0",
      "resolved": "https://registry.npmjs.org/yallist/-/yallist-5.0.0.tgz",
      "integrity": "sha512-YgvUTfwqyc7UXVMrB+SImsVYSmTS8X/tSrtdNZMImM+n7+QTriRXyXim0mBrTXNeqzVF0KWGgHPeiyViFFrNDw==",
      "dev": true,
      "license": "BlueOak-1.0.0",
      "engines": {
        "node": ">=18"
      }
    }
  }
}
